
Microsoft Visual Studio Solution File, Format Version 12.00
# Visual Studio Version 17
VisualStudioVersion = 17.0.32014.148
MinimumVisualStudioVersion = 10.0.40219.1
Project("{FAE04EC0-301F-11D3-BF4B-00C04F79EFBC}") = "Titan", "Titan\Titan.csproj", "{9735D69D-FFB3-4D30-B277-A2C09D87AE0E}"
EndProject
Project("{FAE04EC0-301F-11D3-BF4B-00C04F79EFBC}") = "Betelguese", "Betelguese\Betelguese.csproj", "{41A2A4D3-FE09-4621-99F0-82E1B4607DD2}"
EndProject
Global
	GlobalSection(SolutionConfigurationPlatforms) = preSolution
		Debug|Any CPU = Debug|Any CPU
		Release|Any CPU = Release|Any CPU
	EndGlobalSection
	GlobalSection(ProjectConfigurationPlatforms) = postSolution
		{9735D69D-FFB3-4D30-B277-A2C09D87AE0E}.Debug|Any CPU.ActiveCfg = Debug|Any CPU
		{9735D69D-FFB3-4D30-B277-A2C09D87AE0E}.Debug|Any CPU.Build.0 = Debug|Any CPU
		{9735D69D-FFB3-4D30-B277-A2C09D87AE0E}.Release|Any CPU.ActiveCfg = Release|Any CPU
		{9735D69D-FFB3-4D30-B277-A2C09D87AE0E}.Release|Any CPU.Build.0 = Release|Any CPU
		{41A2A4D3-FE09-4621-99F0-82E1B4607DD2}.Debug|Any CPU.ActiveCfg = Debug|Any CPU
		{41A2A4D3-FE09-4621-99F0-82E1B4607DD2}.Debug|Any CPU.Build.0 = Debug|Any CPU
		{41A2A4D3-FE09-4621-99F0-82E1B4607DD2}.Release|Any CPU.ActiveCfg = Release|Any CPU
		{41A2A4D3-FE09-4621-99F0-82E1B4607DD2}.Release|Any CPU.Build.0 = Release|Any CPU
	EndGlobalSection
	GlobalSection(SolutionProperties) = preSolution
		HideSolutionNode = FALSE
	EndGlobalSection
	GlobalSection(ExtensibilityGlobals) = postSolution
		SolutionGuid = {60E9A6E3-BEF0-4DFD-A95F-76E225375EB7}
	EndGlobalSection
EndGlobal
